<?xml version="1.0" encoding="utf-8"?>
<Project ToolsVersion="4.0" xmlns="http://schemas.microsoft.com/developer/msbuild/2003">
  <ItemGroup>
    <ClCompile Include="Angel\InitShader.cpp">
      <Filter>Dependencies</Filter>
    </ClCompile>
    <ClCompile Include="Object.cpp" />
    <ClCompile Include="main.cpp" />
    <ClCompile Include="User.cpp" />
    <ClCompile Include="Shader.cpp" />
    <ClCompile Include="Scene.cpp" />
    <ClCompile Include="Material.cpp" />
    <ClCompile Include="Light.cpp" />
  </ItemGroup>
  <ItemGroup>
    <ClInclude Include="Angel\Angel.h">
      <Filter>Dependencies</Filter>
    </ClInclude>
    <ClInclude Include="Angel\CheckError.h">
      <Filter>Dependencies</Filter>
    </ClInclude>
    <ClInclude Include="Angel\mat.h">
      <Filter>Dependencies</Filter>
    </ClInclude>
    <ClInclude Include="Angel\vec.h">
      <Filter>Dependencies</Filter>
    </ClInclude>
    <ClInclude Include="User.h" />
    <ClInclude Include="Shader.h" />
    <ClInclude Include="Angel\Object.h" />
    <ClInclude Include="Scene.h" />
    <ClInclude Include="Material.h" />
    <ClInclude Include="Light.h" />
  </ItemGroup>
  <ItemGroup>
    <None Include="shadow.frag">
      <Filter>Shaders</Filter>
    </None>
    <None Include="shadow.vert">
      <Filter>Shaders</Filter>
    </None>
    <None Include="diffuse.frag">
      <Filter>Shaders</Filter>
    </None>
    <None Include="diffuse.vert">
      <Filter>Shaders</Filter>
    </None>
  </ItemGroup>
  <ItemGroup>
    <Filter Include="Dependencies">
      <UniqueIdentifier>{7b41dfe1-9565-4663-9d27-cc5fb44a4f3a}</UniqueIdentifier>
    </Filter>
    <Filter Include="Shaders">
      <UniqueIdentifier>{e1d1ffa9-b440-48b6-8ad8-ba06acc7b9df}</UniqueIdentifier>
    </Filter>
  </ItemGroup>
</Project>